
Microsoft Visual Studio Solution File, Format Version 12.00
# Visual Studio 15
VisualStudioVersion = 15.0.26228.10
MinimumVisualStudioVersion = 10.0.40219.1
Project("{F184B08F-C81C-45F6-A57F-5ABD9991F28F}") = "Tienda", "Tienda\Tienda.vbproj", "{2908C1EE-A606-4157-80E5-AEB7808AD5CE}"
EndProject
Project("{F184B08F-C81C-45F6-A57F-5ABD9991F28F}") = "Tienda.Tests", "Tienda.Tests\Tienda.Tests.vbproj", "{1FAE0F85-3DBE-4C1D-BA17-0DD345257BF4}"
EndProject
Global
	GlobalSection(SolutionConfigurationPlatforms) = preSolution
		Debug|Any CPU = Debug|Any CPU
		Release|Any CPU = Release|Any CPU
	EndGlobalSection
	GlobalSection(ProjectConfigurationPlatforms) = postSolution
		{2908C1EE-A606-4157-80E5-AEB7808AD5CE}.Debug|Any CPU.ActiveCfg = Debug|Any CPU
		{2908C1EE-A606-4157-80E5-AEB7808AD5CE}.Debug|Any CPU.Build.0 = Debug|Any CPU
		{2908C1EE-A606-4157-80E5-AEB7808AD5CE}.Release|Any CPU.ActiveCfg = Release|Any CPU
		{2908C1EE-A606-4157-80E5-AEB7808AD5CE}.Release|Any CPU.Build.0 = Release|Any CPU
		{1FAE0F85-3DBE-4C1D-BA17-0DD345257BF4}.Debug|Any CPU.ActiveCfg = Debug|Any CPU
		{1FAE0F85-3DBE-4C1D-BA17-0DD345257BF4}.Debug|Any CPU.Build.0 = Debug|Any CPU
		{1FAE0F85-3DBE-4C1D-BA17-0DD345257BF4}.Release|Any CPU.ActiveCfg = Release|Any CPU
		{1FAE0F85-3DBE-4C1D-BA17-0DD345257BF4}.Release|Any CPU.Build.0 = Release|Any CPU
	EndGlobalSection
	GlobalSection(SolutionProperties) = preSolution
		HideSolutionNode = FALSE
	EndGlobalSection
EndGlobal
